{
  "name": "my_vault",
  "version": "1.0.0",
  "lockfileVersion": 3,
  "requires": true,
  "packages": {
    "": {
      "name": "my_vault",
      "version": "1.0.0",
      "license": "ISC",
      "dependencies": {
        "@googleworkspace/cli": "^0.22.5",
        "@openai/codex-sdk": "^0.122.0"
      },
      "devDependencies": {
        "playwright": "^1.59.1"
      }
    },
    "node_modules/@googleworkspace/cli": {
      "version": "0.22.5",
      "resolved": "https://registry.npmjs.org/@googleworkspace/cli/-/cli-0.22.5.tgz",
      "integrity": "sha512-Cej4nnkjphwRF+i7KWx4esp0p41yZ7Rv7A+P9hmFQrMStcngTASZBpeN/Lptk58oXxnSHvEcvM69S0e0y/GlvA==",
      "hasInstallScript": true,
      "license": "Apache-2.0",
      "bin": {
        "gws": "run.js"
      },
      "engines": {
        "node": ">=18"
      }
    },
    "node_modules/@openai/codex": {
      "version": "0.122.0",
      "resolved": "https://registry.npmjs.org/@openai/codex/-/codex-0.122.0.tgz",
      "integrity": "sha512-fMQoBo/D9S2/FNHgCMEGnEtG+LIm7ot2PbtpU26pyKDjKS47o9XByNv8gH3X0aDg6A4Algq21laUkFhonkgdsw==",
      "license": "Apache-2.0",
      "bin": {
        "codex": "bin/codex.js"
      },
      "engines": {
        "node": ">=16"
      },
      "optionalDependencies": {
        "@openai/codex-darwin-arm64": "npm:@openai/codex@0.122.0-darwin-arm64",
        "@openai/codex-darwin-x64": "npm:@openai/codex@0.122.0-darwin-x64",
        "@openai/codex-linux-arm64": "npm:@openai/codex@0.122.0-linux-arm64",
        "@openai/codex-linux-x64": "npm:@openai/codex@0.122.0-linux-x64",
        "@openai/codex-win32-arm64": "npm:@openai/codex@0.122.0-win32-arm64",
        "@openai/codex-win32-x64": "npm:@openai/codex@0.122.0-win32-x64"
      }
    },
    "node_modules/@openai/codex-darwin-arm64": {
      "name": "@openai/codex",
      "version": "0.122.0-darwin-arm64",
      "resolved": "https://registry.npmjs.org/@openai/codex/-/codex-0.122.0-darwin-arm64.tgz",
      "integrity": "sha512-J1rUDdVBgIwpFqwmkjgVWbbAk8oxuw/1JuIGUXJMz7wAsdvEgsVazwndIjQVN1nDtdD6zznlUtl69oPV1hhXcA==",
      "cpu": [
        "arm64"
      ],
      "license": "Apache-2.0",
      "optional": true,
      "os": [
        "darwin"
      ],
      "engines": {
        "node": ">=16"
      }
    },
    "node_modules/@openai/codex-darwin-x64": {
      "name": "@openai/codex",
      "version": "0.122.0-darwin-x64",
      "resolved": "https://registry.npmjs.org/@openai/codex/-/codex-0.122.0-darwin-x64.tgz",
      "integrity": "sha512-VUXZxD/c/v2Mdler7epYJc8EH80fGbAC55QBVaxqSjX6OaoGO1sHqp7Nept1p52jMRtyc3VTv2/hkV1wEy+96w==",
      "cpu": [
        "x64"
      ],
      "license": "Apache-2.0",
      "optional": true,
      "os": [
        "darwin"
      ],
      "engines": {
        "node": ">=16"
      }
    },
    "node_modules/@openai/codex-linux-arm64": {
      "name": "@openai/codex",
      "version": "0.122.0-linux-arm64",
      "resolved": "https://registry.npmjs.org/@openai/codex/-/codex-0.122.0-linux-arm64.tgz",
      "integrity": "sha512-dtRm+R+BnwEZDFahIMl56tttzE3VtJLt2CuacKpn9ZDs8H9DW5lwGWdTEm94ANWWeyzigFObidQyitgdgwFHow==",
      "cpu": [
        "arm64"
      ],
      "license": "Apache-2.0",
      "optional": true,
      "os": [
        "linux"
      ],
      "engines": {
        "node": ">=16"
      }
    },
    "node_modules/@openai/codex-linux-x64": {
      "name": "@openai/codex",
      "version": "0.122.0-linux-x64",
      "resolved": "https://registry.npmjs.org/@openai/codex/-/codex-0.122.0-linux-x64.tgz",
      "integrity": "sha512-GYQBkwER9RPn7spJOwB3f/pTyk3KWKsRI8W+2Dl5H3XSxJJ5aVZeNKBGChSw6lyJWAmuZXssBu037KQx15lsGA==",
      "cpu": [
        "x64"
      ],
      "license": "Apache-2.0",
      "optional": true,
      "os": [
        "linux"
      ],
      "engines": {
        "node": ">=16"
      }
    },
    "node_modules/@openai/codex-sdk": {
      "version": "0.122.0",
      "resolved": "https://registry.npmjs.org/@openai/codex-sdk/-/codex-sdk-0.122.0.tgz",
      "integrity": "sha512-51vfb1VBGlQQQD3rEgnqZyenBDP1VYPOApecFug4u+nYPhVfFbnupRDtthegi/dTskuXkoU+EKikNEwF6gzKZw==",
      "license": "Apache-2.0",
      "dependencies": {
        "@openai/codex": "0.122.0"
      },
      "engines": {
        "node": ">=18"
      }
    },
    "node_modules/@openai/codex-win32-arm64": {
      "name": "@openai/codex",
      "version": "0.122.0-win32-arm64",
      "resolved": "https://registry.npmjs.org/@openai/codex/-/codex-0.122.0-win32-arm64.tgz",
      "integrity": "sha512-7SjzC/Xzw7md2//2W03Eid2bgY5LHfKinD6VwgfwLJbYFGsd9LDIduZC/8GABWSDXOgqE2SoZDiD2KwlG63Tkw==",
      "cpu": [
        "arm64"
      ],
      "license": "Apache-2.0",
      "optional": true,
      "os": [
        "win32"
      ],
      "engines": {
        "node": ">=16"
      }
    },
    "node_modules/@openai/codex-win32-x64": {
      "name": "@openai/codex",
      "version": "0.122.0-win32-x64",
      "resolved": "https://registry.npmjs.org/@openai/codex/-/codex-0.122.0-win32-x64.tgz",
      "integrity": "sha512-0OR/QjqOZ7zX12s6Dh7qy/6H4WZRgFAp529EUg5C7tXj5xXdopi8A9InQfehu4KEJE3Qol2Lj/QBrOcahFXoPg==",
      "cpu": [
        "x64"
      ],
      "license": "Apache-2.0",
      "optional": true,
      "os": [
        "win32"
      ],
      "engines": {
        "node": ">=16"
      }
    },
    "node_modules/fsevents": {
      "version": "2.3.2",
      "resolved": "https://registry.npmjs.org/fsevents/-/fsevents-2.3.2.tgz",
      "integrity": "sha512-xiqMQR4xAeHTuB9uWm+fFRcIOgKBMiOBP+eXiyT7jsgVCq1bkVygt00oASowB7EdtpOHaaPgKt812P9ab+DDKA==",
      "dev": true,
      "hasInstallScript": true,
      "license": "MIT",
      "optional": true,
      "os": [
        "darwin"
      ],
      "engines": {
        "node": "^8.16.0 || ^10.6.0 || >=11.0.0"
      }
    },
    "node_modules/playwright": {
      "version": "1.59.1",
      "resolved": "https://registry.npmjs.org/playwright/-/playwright-1.59.1.tgz",
      "integrity": "sha512-C8oWjPR3F81yljW9o5OxcWzfh6avkVwDD2VYdwIGqTkl+OGFISgypqzfu7dOe4QNLL2aqcWBmI3PMtLIK233lw==",
      "dev": true,
      "license": "Apache-2.0",
      "dependencies": {
        "playwright-core": "1.59.1"
      },
      "bin": {
        "playwright": "cli.js"
      },
      "engines": {
        "node": ">=18"
      },
      "optionalDependencies": {
        "fsevents": "2.3.2"
      }
    },
    "node_modules/playwright-core": {
      "version": "1.59.1",
      "resolved": "https://registry.npmjs.org/playwright-core/-/playwright-core-1.59.1.tgz",
      "integrity": "sha512-HBV/RJg81z5BiiZ9yPzIiClYV/QMsDCKUyogwH9p3MCP6IYjUFu/MActgYAvK0oWyV9NlwM3GLBjADyWgydVyg==",
      "dev": true,
      "license": "Apache-2.0",
      "bin": {
        "playwright-core": "cli.js"
      },
      "engines": {
        "node": ">=18"
      }
    }
  }
}
