{
  "name": "vault-lens",
  "version": "1.0.0",
  "lockfileVersion": 3,
  "requires": true,
  "packages": {
    "": {
      "name": "vault-lens",
      "version": "1.0.0",
      "license": "MIT",
      "dependencies": {
        "@googleworkspace/cli": "^0.22.5",
        "@openai/codex-sdk": "^0.134.0"
      },
      "devDependencies": {
        "playwright": "^1.59.1"
      }
    },
    "node_modules/@googleworkspace/cli": {
      "version": "0.22.5",
      "resolved": "https://registry.npmjs.org/@googleworkspace/cli/-/cli-0.22.5.tgz",
      "integrity": "sha512-Cej4nnkjphwRF+i7KWx4esp0p41yZ7Rv7A+P9hmFQrMStcngTASZBpeN/Lptk58oXxnSHvEcvM69S0e0y/GlvA==",
      "hasInstallScript": true,
      "license": "Apache-2.0",
      "bin": {
        "gws": "run.js"
      },
      "engines": {
        "node": ">=18"
      }
    },
    "node_modules/@openai/codex": {
      "version": "0.134.0",
      "resolved": "https://registry.npmjs.org/@openai/codex/-/codex-0.134.0.tgz",
      "integrity": "sha512-N0vmdTXl/rglZjgd3PaMe9oRrqjO6zZ//uAvUhCDRnJNAUT3LrpYvCK3y9B/ev7QcChfXR43IGUh3ssqWRvMmA==",
      "license": "Apache-2.0",
      "bin": {
        "codex": "bin/codex.js"
      },
      "engines": {
        "node": ">=16"
      },
      "optionalDependencies": {
        "@openai/codex-darwin-arm64": "npm:@openai/codex@0.134.0-darwin-arm64",
        "@openai/codex-darwin-x64": "npm:@openai/codex@0.134.0-darwin-x64",
        "@openai/codex-linux-arm64": "npm:@openai/codex@0.134.0-linux-arm64",
        "@openai/codex-linux-x64": "npm:@openai/codex@0.134.0-linux-x64",
        "@openai/codex-win32-arm64": "npm:@openai/codex@0.134.0-win32-arm64",
        "@openai/codex-win32-x64": "npm:@openai/codex@0.134.0-win32-x64"
      }
    },
    "node_modules/@openai/codex-darwin-arm64": {
      "name": "@openai/codex",
      "version": "0.134.0-darwin-arm64",
      "resolved": "https://registry.npmjs.org/@openai/codex/-/codex-0.134.0-darwin-arm64.tgz",
      "integrity": "sha512-pOxwQjb1HHtY6KG66+g/rX7uP4yBvchfCrQw22ddYy64s7fJqnD6UV/Ur60j6MWXt71jcaWLEkV1pJthQy9CFQ==",
      "cpu": [
        "arm64"
      ],
      "license": "Apache-2.0",
      "optional": true,
      "os": [
        "darwin"
      ],
      "engines": {
        "node": ">=16"
      }
    },
    "node_modules/@openai/codex-darwin-x64": {
      "name": "@openai/codex",
      "version": "0.134.0-darwin-x64",
      "resolved": "https://registry.npmjs.org/@openai/codex/-/codex-0.134.0-darwin-x64.tgz",
      "integrity": "sha512-XjRtq8PB9dtpxQ5QU6TrzR/z8EVlLLk55oonsyRp3VkMOsKjJWXvLxAnmzUm1MuVZqz90Ua7CJbr+8BG+ZUWpA==",
      "cpu": [
        "x64"
      ],
      "license": "Apache-2.0",
      "optional": true,
      "os": [
        "darwin"
      ],
      "engines": {
        "node": ">=16"
      }
    },
    "node_modules/@openai/codex-linux-arm64": {
      "name": "@openai/codex",
      "version": "0.134.0-linux-arm64",
      "resolved": "https://registry.npmjs.org/@openai/codex/-/codex-0.134.0-linux-arm64.tgz",
      "integrity": "sha512-fqI8iClQGvrANFx/dJwZK8KNQlqlQKo7A/UB5G7IaeTAAJ+y/CG2R33Bbd9GboH/8ormY39ureNk27eqt++51g==",
      "cpu": [
        "arm64"
      ],
      "license": "Apache-2.0",
      "optional": true,
      "os": [
        "linux"
      ],
      "engines": {
        "node": ">=16"
      }
    },
    "node_modules/@openai/codex-linux-x64": {
      "name": "@openai/codex",
      "version": "0.134.0-linux-x64",
      "resolved": "https://registry.npmjs.org/@openai/codex/-/codex-0.134.0-linux-x64.tgz",
      "integrity": "sha512-d/o1AVAniQU2oSEq7ZV0hVwzmk6Dj2IWeNPLnX/KXyv1DfIMJbY+qEg/xhfRmuVW4VPhrhQLBITwrkAYviy1MA==",
      "cpu": [
        "x64"
      ],
      "license": "Apache-2.0",
      "optional": true,
      "os": [
        "linux"
      ],
      "engines": {
        "node": ">=16"
      }
    },
    "node_modules/@openai/codex-sdk": {
      "version": "0.134.0",
      "resolved": "https://registry.npmjs.org/@openai/codex-sdk/-/codex-sdk-0.134.0.tgz",
      "integrity": "sha512-fQIIj6RYiVZ7sr8XyEsc2t0zsLvRd+gCx9qUksCDgwc8MzVHhLN7eUjAM5l3tro6PcikBha1+40Tu5OVrF32lg==",
      "license": "Apache-2.0",
      "dependencies": {
        "@openai/codex": "0.134.0"
      },
      "engines": {
        "node": ">=18"
      }
    },
    "node_modules/@openai/codex-win32-arm64": {
      "name": "@openai/codex",
      "version": "0.134.0-win32-arm64",
      "resolved": "https://registry.npmjs.org/@openai/codex/-/codex-0.134.0-win32-arm64.tgz",
      "integrity": "sha512-8OdRmbCcyLLMF3Bg6945PW6INZ7bZVygYo2lusnC0Q2KZ3MRYrMnXRJ6mfvkDc8kPpFE+djMFnQ70gt/jBLVCA==",
      "cpu": [
        "arm64"
      ],
      "license": "Apache-2.0",
      "optional": true,
      "os": [
        "win32"
      ],
      "engines": {
        "node": ">=16"
      }
    },
    "node_modules/@openai/codex-win32-x64": {
      "name": "@openai/codex",
      "version": "0.134.0-win32-x64",
      "resolved": "https://registry.npmjs.org/@openai/codex/-/codex-0.134.0-win32-x64.tgz",
      "integrity": "sha512-hW1omBcN1jKeVUVnTqWlpc42nF2qAwCEN6l1IFeKFJegYoZ39YrE7pdh56gAmaZTyT5Eexx7cgNpaEK3JElxvA==",
      "cpu": [
        "x64"
      ],
      "license": "Apache-2.0",
      "optional": true,
      "os": [
        "win32"
      ],
      "engines": {
        "node": ">=16"
      }
    },
    "node_modules/fsevents": {
      "version": "2.3.2",
      "resolved": "https://registry.npmjs.org/fsevents/-/fsevents-2.3.2.tgz",
      "integrity": "sha512-xiqMQR4xAeHTuB9uWm+fFRcIOgKBMiOBP+eXiyT7jsgVCq1bkVygt00oASowB7EdtpOHaaPgKt812P9ab+DDKA==",
      "dev": true,
      "hasInstallScript": true,
      "license": "MIT",
      "optional": true,
      "os": [
        "darwin"
      ],
      "engines": {
        "node": "^8.16.0 || ^10.6.0 || >=11.0.0"
      }
    },
    "node_modules/playwright": {
      "version": "1.59.1",
      "resolved": "https://registry.npmjs.org/playwright/-/playwright-1.59.1.tgz",
      "integrity": "sha512-C8oWjPR3F81yljW9o5OxcWzfh6avkVwDD2VYdwIGqTkl+OGFISgypqzfu7dOe4QNLL2aqcWBmI3PMtLIK233lw==",
      "dev": true,
      "license": "Apache-2.0",
      "dependencies": {
        "playwright-core": "1.59.1"
      },
      "bin": {
        "playwright": "cli.js"
      },
      "engines": {
        "node": ">=18"
      },
      "optionalDependencies": {
        "fsevents": "2.3.2"
      }
    },
    "node_modules/playwright-core": {
      "version": "1.59.1",
      "resolved": "https://registry.npmjs.org/playwright-core/-/playwright-core-1.59.1.tgz",
      "integrity": "sha512-HBV/RJg81z5BiiZ9yPzIiClYV/QMsDCKUyogwH9p3MCP6IYjUFu/MActgYAvK0oWyV9NlwM3GLBjADyWgydVyg==",
      "dev": true,
      "license": "Apache-2.0",
      "bin": {
        "playwright-core": "cli.js"
      },
      "engines": {
        "node": ">=18"
      }
    }
  }
}
